{
    "version": 3,
    "terraform_version": "0.11.14",
    "serial": 1,
    "lineage": "e971add7-02a6-7353-9812-b11999bec335",
    "modules": [
        {
            "path": [
                "root"
            ],
            "outputs": {
                "Kubenetes-server-ip": {
                    "sensitive": false,
                    "type": "string",
                    "value": "18.210.89.252"
                },
                "cluster-name": {
                    "sensitive": false,
                    "type": "string",
                    "value": "revpro-production-cluster"
                },
                "config_map_aws_auth": {
                    "sensitive": false,
                    "type": "string",
                    "value": "\n\napiVersion: v1\nkind: ConfigMap\nmetadata:\n  name: aws-auth\n  namespace: kube-system\ndata:\n  mapRoles: |\n    - rolearn: arn:aws:iam::407975137156:role/prod-worker-nodes-role\n      username: system:node:{{EC2PrivateDNSName}}\n      groups:\n        - system:bootstrappers\n        - system:nodes\n"
                },
                "kubeconfig": {
                    "sensitive": false,
                    "type": "string",
                    "value": "\n\napiVersion: v1\nclusters:\n- cluster:\n    server: https://0700B6AA4C97F9BAD914C94496D9E64F.sk1.us-east-1.eks.amazonaws.com\n    certificate-authority-data: LS0tLS1CRUdJTiBDRVJUSUZJQ0FURS0tLS0tCk1JSUN5RENDQWJDZ0F3SUJBZ0lCQURBTkJna3Foa2lHOXcwQkFRc0ZBREFWTVJNd0VRWURWUVFERXdwcmRXSmwKY201bGRHVnpNQjRYRFRFNU1USXdOREl3TURFMU1Wb1hEVEk1TVRJd01USXdNREUxTVZvd0ZURVRNQkVHQTFVRQpBeE1LYTNWaVpYSnVaWFJsY3pDQ0FTSXdEUVlKS29aSWh2Y05BUUVCQlFBRGdnRVBBRENDQVFvQ2dnRUJBTmhoCjN3YVFYQTV1TGdOQStYaXBnSkRBK2RrbnZpVDdZNGg5Z1ZxYXVPcCtEOFdsOVdKSzFsY0tieENPWmEySHg3d2oKM0tDUmdtYU9jeHNZR3dzRFJLdXo2NnAyZE1ZQ3d2TWVuTCt1ejBGclVnbjUvcGNGQ3F2TkJ4OWNlaStoTTFjcQpoNTBpZGtQaE1uSXVBSUJpU3BBZGFsR0pvV0h1KzVkaUpzcXQrT1VURk8waHYvNmJXZ0oxc3ZnOUNTbGtwVnE0Ck0vUEpHNTIxY1pBVUZNWWJXZTA5VzdlRFo0NkpqT2ZPckZybTk1dUE1aVY3WloxMDNaQXVZWHpteVg0dDZWSEMKQUpIYytWcFdqUzlOZ1E4cmNqaWZnZTBsM2ptRXprK0wxSStvcm9qZDgzby9UWTlZSWlzd2ZRakJ5R0NCNkR4Ywoyd2xXb1RFMEY1YjlvamtsSGRNQ0F3RUFBYU1qTUNFd0RnWURWUjBQQVFIL0JBUURBZ0trTUE4R0ExVWRFd0VCCi93UUZNQU1CQWY4d0RRWUpLb1pJaHZjTkFRRUxCUUFEZ2dFQkFOT1JqeGFTRnpSUlFTd2dZWEF6dkt6SVZhUHoKbE5EMnphQWpNMERqeTlnVkdZUi9tVFhRUjdaQUZXUDRYZ0MwazBpRkFqMDQwQ3FWVjFKQktzellmYTJqbHlpawpHZ3U4VXoxdnIxbFVjeEFUb1d6RzhoT2x3d3dCQ2orZ1VYcldPZ0pwa2x2T3lEckZaUFJ1eWNWdXBZOHZJY2ZJCmc2VkErbXgvRjQ1blJ4bnczSTJaeFdNbzNGeHdZbkwzTE1vV2hWcXlOZUdyYW54REtEUDVKTERRQzl3ak9UWGkKbVFEUmxKYUp5WU51dnc3WUJyNEpmejVkaHdsQUxNVUMwTytJTHpsditxU3diWS9mRUhJUXNnd01YUWwyZjI1agowZ3ZXYyttcGQzc1I2b0JTa1ZWMm1IYUc3VnZKNE8yNmZCT1dnL2xpV3FqS0ZKZ1pXcUVMNHp4WWRNRT0KLS0tLS1FTkQgQ0VSVElGSUNBVEUtLS0tLQo=\n  name: kubernetes\ncontexts:\n- context:\n    cluster: kubernetes\n    user: aws\n  name: aws\ncurrent-context: aws\nkind: Config\npreferences: {}\nusers:\n- name: aws\n  user:\n    exec:\n      apiVersion: client.authentication.k8s.io/v1alpha1\n      command: aws-iam-authenticator\n      args:\n        - \"token\"\n        - \"-i\"\n        - \"revpro-production-cluster\"\n"
                }
            },
            "resources": {},
            "depends_on": []
        },
        {
            "path": [
                "root",
                "eks"
            ],
            "outputs": {
                "cluster-name": {
                    "sensitive": false,
                    "type": "string",
                    "value": "revpro-production-cluster"
                },
                "config_map_aws_auth": {
                    "sensitive": false,
                    "type": "string",
                    "value": "\n\napiVersion: v1\nkind: ConfigMap\nmetadata:\n  name: aws-auth\n  namespace: kube-system\ndata:\n  mapRoles: |\n    - rolearn: arn:aws:iam::407975137156:role/prod-worker-nodes-role\n      username: system:node:{{EC2PrivateDNSName}}\n      groups:\n        - system:bootstrappers\n        - system:nodes\n"
                },
                "kubeconfig": {
                    "sensitive": false,
                    "type": "string",
                    "value": "\n\napiVersion: v1\nclusters:\n- cluster:\n    server: https://0700B6AA4C97F9BAD914C94496D9E64F.sk1.us-east-1.eks.amazonaws.com\n    certificate-authority-data: LS0tLS1CRUdJTiBDRVJUSUZJQ0FURS0tLS0tCk1JSUN5RENDQWJDZ0F3SUJBZ0lCQURBTkJna3Foa2lHOXcwQkFRc0ZBREFWTVJNd0VRWURWUVFERXdwcmRXSmwKY201bGRHVnpNQjRYRFRFNU1USXdOREl3TURFMU1Wb1hEVEk1TVRJd01USXdNREUxTVZvd0ZURVRNQkVHQTFVRQpBeE1LYTNWaVpYSnVaWFJsY3pDQ0FTSXdEUVlKS29aSWh2Y05BUUVCQlFBRGdnRVBBRENDQVFvQ2dnRUJBTmhoCjN3YVFYQTV1TGdOQStYaXBnSkRBK2RrbnZpVDdZNGg5Z1ZxYXVPcCtEOFdsOVdKSzFsY0tieENPWmEySHg3d2oKM0tDUmdtYU9jeHNZR3dzRFJLdXo2NnAyZE1ZQ3d2TWVuTCt1ejBGclVnbjUvcGNGQ3F2TkJ4OWNlaStoTTFjcQpoNTBpZGtQaE1uSXVBSUJpU3BBZGFsR0pvV0h1KzVkaUpzcXQrT1VURk8waHYvNmJXZ0oxc3ZnOUNTbGtwVnE0Ck0vUEpHNTIxY1pBVUZNWWJXZTA5VzdlRFo0NkpqT2ZPckZybTk1dUE1aVY3WloxMDNaQXVZWHpteVg0dDZWSEMKQUpIYytWcFdqUzlOZ1E4cmNqaWZnZTBsM2ptRXprK0wxSStvcm9qZDgzby9UWTlZSWlzd2ZRakJ5R0NCNkR4Ywoyd2xXb1RFMEY1YjlvamtsSGRNQ0F3RUFBYU1qTUNFd0RnWURWUjBQQVFIL0JBUURBZ0trTUE4R0ExVWRFd0VCCi93UUZNQU1CQWY4d0RRWUpLb1pJaHZjTkFRRUxCUUFEZ2dFQkFOT1JqeGFTRnpSUlFTd2dZWEF6dkt6SVZhUHoKbE5EMnphQWpNMERqeTlnVkdZUi9tVFhRUjdaQUZXUDRYZ0MwazBpRkFqMDQwQ3FWVjFKQktzellmYTJqbHlpawpHZ3U4VXoxdnIxbFVjeEFUb1d6RzhoT2x3d3dCQ2orZ1VYcldPZ0pwa2x2T3lEckZaUFJ1eWNWdXBZOHZJY2ZJCmc2VkErbXgvRjQ1blJ4bnczSTJaeFdNbzNGeHdZbkwzTE1vV2hWcXlOZUdyYW54REtEUDVKTERRQzl3ak9UWGkKbVFEUmxKYUp5WU51dnc3WUJyNEpmejVkaHdsQUxNVUMwTytJTHpsditxU3diWS9mRUhJUXNnd01YUWwyZjI1agowZ3ZXYyttcGQzc1I2b0JTa1ZWMm1IYUc3VnZKNE8yNmZCT1dnL2xpV3FqS0ZKZ1pXcUVMNHp4WWRNRT0KLS0tLS1FTkQgQ0VSVElGSUNBVEUtLS0tLQo=\n  name: kubernetes\ncontexts:\n- context:\n    cluster: kubernetes\n    user: aws\n  name: aws\ncurrent-context: aws\nkind: Config\npreferences: {}\nusers:\n- name: aws\n  user:\n    exec:\n      apiVersion: client.authentication.k8s.io/v1alpha1\n      command: aws-iam-authenticator\n      args:\n        - \"token\"\n        - \"-i\"\n        - \"revpro-production-cluster\"\n"
                }
            },
            "resources": {
                "aws_autoscaling_group.worker": {
                    "type": "aws_autoscaling_group",
                    "depends_on": [
                        "aws_launch_configuration.worker"
                    ],
                    "primary": {
                        "id": "prod-worker-nodes",
                        "attributes": {
                            "arn": "arn:aws:autoscaling:us-east-1:407975137156:autoScalingGroup:fe287345-7319-449e-bac6-468332c3a372:autoScalingGroupName/prod-worker-nodes",
                            "availability_zones.#": "3",
                            "availability_zones.1305112097": "us-east-1b",
                            "availability_zones.3569565595": "us-east-1a",
                            "availability_zones.986537655": "us-east-1c",
                            "default_cooldown": "300",
                            "desired_capacity": "5",
                            "enabled_metrics.#": "0",
                            "force_delete": "false",
                            "health_check_grace_period": "300",
                            "health_check_type": "EC2",
                            "id": "prod-worker-nodes",
                            "launch_configuration": "prod-worker-node20191204200413810800000008",
                            "launch_template.#": "0",
                            "load_balancers.#": "0",
                            "max_size": "8",
                            "metrics_granularity": "1Minute",
                            "min_size": "5",
                            "mixed_instances_policy.#": "0",
                            "name": "prod-worker-nodes",
                            "placement_group": "",
                            "protect_from_scale_in": "false",
                            "service_linked_role_arn": "arn:aws:iam::407975137156:role/aws-service-role/autoscaling.amazonaws.com/AWSServiceRoleForAutoScaling",
                            "suspended_processes.#": "0",
                            "tag.#": "2",
                            "tag.1509887328.key": "Name",
                            "tag.1509887328.propagate_at_launch": "true",
                            "tag.1509887328.value": "prod-worker-nodes",
                            "tag.1727264264.key": "kubernetes.io/cluster/revpro-production-cluster",
                            "tag.1727264264.propagate_at_launch": "true",
                            "tag.1727264264.value": "owned",
                            "target_group_arns.#": "0",
                            "termination_policies.#": "0",
                            "vpc_zone_identifier.#": "3",
                            "vpc_zone_identifier.2051846080": "subnet-0ba428a265f250d59",
                            "vpc_zone_identifier.2260663972": "subnet-0ccc3af8980fad913",
                            "vpc_zone_identifier.4039482636": "subnet-0bd1d80cf774a7165",
                            "wait_for_capacity_timeout": "10m"
                        },
                        "meta": {
                            "e2bfb730-ecaa-11e6-8f88-34363bc7c4c0": {
                                "delete": 600000000000
                            }
                        },
                        "tainted": false
                    },
                    "deposed": [],
                    "provider": "provider.aws"
                },
                "aws_eks_cluster.eks-cluster": {
                    "type": "aws_eks_cluster",
                    "depends_on": [
                        "aws_iam_role.cluster-role",
                        "aws_iam_role_policy_attachment.eks-cluster-AmazonEKSClusterPolicy",
                        "aws_iam_role_policy_attachment.eks-cluster-AmazonEKSServicePolicy",
                        "aws_security_group.cluster-sg"
                    ],
                    "primary": {
                        "id": "revpro-production-cluster",
                        "attributes": {
                            "arn": "arn:aws:eks:us-east-1:407975137156:cluster/revpro-production-cluster",
                            "certificate_authority.#": "1",
                            "certificate_authority.0.data": "LS0tLS1CRUdJTiBDRVJUSUZJQ0FURS0tLS0tCk1JSUN5RENDQWJDZ0F3SUJBZ0lCQURBTkJna3Foa2lHOXcwQkFRc0ZBREFWTVJNd0VRWURWUVFERXdwcmRXSmwKY201bGRHVnpNQjRYRFRFNU1USXdOREl3TURFMU1Wb1hEVEk1TVRJd01USXdNREUxTVZvd0ZURVRNQkVHQTFVRQpBeE1LYTNWaVpYSnVaWFJsY3pDQ0FTSXdEUVlKS29aSWh2Y05BUUVCQlFBRGdnRVBBRENDQVFvQ2dnRUJBTmhoCjN3YVFYQTV1TGdOQStYaXBnSkRBK2RrbnZpVDdZNGg5Z1ZxYXVPcCtEOFdsOVdKSzFsY0tieENPWmEySHg3d2oKM0tDUmdtYU9jeHNZR3dzRFJLdXo2NnAyZE1ZQ3d2TWVuTCt1ejBGclVnbjUvcGNGQ3F2TkJ4OWNlaStoTTFjcQpoNTBpZGtQaE1uSXVBSUJpU3BBZGFsR0pvV0h1KzVkaUpzcXQrT1VURk8waHYvNmJXZ0oxc3ZnOUNTbGtwVnE0Ck0vUEpHNTIxY1pBVUZNWWJXZTA5VzdlRFo0NkpqT2ZPckZybTk1dUE1aVY3WloxMDNaQXVZWHpteVg0dDZWSEMKQUpIYytWcFdqUzlOZ1E4cmNqaWZnZTBsM2ptRXprK0wxSStvcm9qZDgzby9UWTlZSWlzd2ZRakJ5R0NCNkR4Ywoyd2xXb1RFMEY1YjlvamtsSGRNQ0F3RUFBYU1qTUNFd0RnWURWUjBQQVFIL0JBUURBZ0trTUE4R0ExVWRFd0VCCi93UUZNQU1CQWY4d0RRWUpLb1pJaHZjTkFRRUxCUUFEZ2dFQkFOT1JqeGFTRnpSUlFTd2dZWEF6dkt6SVZhUHoKbE5EMnphQWpNMERqeTlnVkdZUi9tVFhRUjdaQUZXUDRYZ0MwazBpRkFqMDQwQ3FWVjFKQktzellmYTJqbHlpawpHZ3U4VXoxdnIxbFVjeEFUb1d6RzhoT2x3d3dCQ2orZ1VYcldPZ0pwa2x2T3lEckZaUFJ1eWNWdXBZOHZJY2ZJCmc2VkErbXgvRjQ1blJ4bnczSTJaeFdNbzNGeHdZbkwzTE1vV2hWcXlOZUdyYW54REtEUDVKTERRQzl3ak9UWGkKbVFEUmxKYUp5WU51dnc3WUJyNEpmejVkaHdsQUxNVUMwTytJTHpsditxU3diWS9mRUhJUXNnd01YUWwyZjI1agowZ3ZXYyttcGQzc1I2b0JTa1ZWMm1IYUc3VnZKNE8yNmZCT1dnL2xpV3FqS0ZKZ1pXcUVMNHp4WWRNRT0KLS0tLS1FTkQgQ0VSVElGSUNBVEUtLS0tLQo=",
                            "created_at": "2019-12-04 19:53:35 +0000 UTC",
                            "enabled_cluster_log_types.#": "0",
                            "endpoint": "https://0700B6AA4C97F9BAD914C94496D9E64F.sk1.us-east-1.eks.amazonaws.com",
                            "id": "revpro-production-cluster",
                            "identity.#": "1",
                            "identity.0.oidc.#": "1",
                            "identity.0.oidc.0.issuer": "https://oidc.eks.us-east-1.amazonaws.com/id/0700B6AA4C97F9BAD914C94496D9E64F",
                            "name": "revpro-production-cluster",
                            "platform_version": "eks.5",
                            "role_arn": "arn:aws:iam::407975137156:role/prod-cluster-iam-role",
                            "status": "ACTIVE",
                            "tags.%": "0",
                            "version": "1.14",
                            "vpc_config.#": "1",
                            "vpc_config.0.endpoint_private_access": "false",
                            "vpc_config.0.endpoint_public_access": "true",
                            "vpc_config.0.security_group_ids.#": "1",
                            "vpc_config.0.security_group_ids.3739235043": "sg-012dc5ec74741afcb",
                            "vpc_config.0.subnet_ids.#": "6",
                            "vpc_config.0.subnet_ids.141589060": "subnet-06d44f23704e0005a",
                            "vpc_config.0.subnet_ids.1783598879": "subnet-0bd1d80cf774a7165",
                            "vpc_config.0.subnet_ids.221487630": "subnet-09372e6cb83722c9e",
                            "vpc_config.0.subnet_ids.2989809574": "subnet-0ccc3af8980fad913",
                            "vpc_config.0.subnet_ids.3692396602": "subnet-0bbf7d676d12d50d8",
                            "vpc_config.0.subnet_ids.4162291894": "subnet-0ba428a265f250d59",
                            "vpc_config.0.vpc_id": "vpc-06aa495824295d844"
                        },
                        "meta": {
                            "e2bfb730-ecaa-11e6-8f88-34363bc7c4c0": {
                                "create": 1800000000000,
                                "delete": 900000000000,
                                "update": 3600000000000
                            }
                        },
                        "tainted": false
                    },
                    "deposed": [],
                    "provider": "provider.aws"
                },
                "aws_iam_instance_profile.worker-node": {
                    "type": "aws_iam_instance_profile",
                    "depends_on": [
                        "aws_iam_role.worker-node-role"
                    ],
                    "primary": {
                        "id": "prod-eks-worker-node",
                        "attributes": {
                            "arn": "arn:aws:iam::407975137156:instance-profile/prod-eks-worker-node",
                            "create_date": "2019-12-04T19:53:22Z",
                            "id": "prod-eks-worker-node",
                            "name": "prod-eks-worker-node",
                            "path": "/",
                            "role": "prod-worker-nodes-role",
                            "roles.#": "0",
                            "unique_id": "AIPAV57JWR6CNGKGFOWFM"
                        },
                        "meta": {},
                        "tainted": false
                    },
                    "deposed": [],
                    "provider": "provider.aws"
                },
                "aws_iam_policy.eks-tagging": {
                    "type": "aws_iam_policy",
                    "depends_on": [],
                    "primary": {
                        "id": "arn:aws:iam::407975137156:policy/prod_resource_tagging_for_eks",
                        "attributes": {
                            "arn": "arn:aws:iam::407975137156:policy/prod_resource_tagging_for_eks",
                            "description": "prod_resource_tagging_for_eks",
                            "id": "arn:aws:iam::407975137156:policy/prod_resource_tagging_for_eks",
                            "name": "prod_resource_tagging_for_eks",
                            "path": "/",
                            "policy": "{\n    \"Version\": \"2012-10-17\",\n    \"Statement\": [\n        {\n            \"Sid\": \"VisualEditor0\",\n            \"Effect\": \"Allow\",\n            \"Action\": [\n                \"tag:GetResources\",\n                \"tag:UntagResources\",\n                \"tag:GetTagValues\",\n                \"tag:GetTagKeys\",\n                \"tag:TagResources\"\n            ],\n            \"Resource\": \"*\"\n        }\n    ]\n}\n"
                        },
                        "meta": {},
                        "tainted": false
                    },
                    "deposed": [],
                    "provider": "provider.aws"
                },
                "aws_iam_role.cluster-role": {
                    "type": "aws_iam_role",
                    "depends_on": [],
                    "primary": {
                        "id": "prod-cluster-iam-role",
                        "attributes": {
                            "arn": "arn:aws:iam::407975137156:role/prod-cluster-iam-role",
                            "assume_role_policy": "{\"Version\":\"2012-10-17\",\"Statement\":[{\"Effect\":\"Allow\",\"Principal\":{\"Service\":\"eks.amazonaws.com\"},\"Action\":\"sts:AssumeRole\"}]}",
                            "create_date": "2019-12-04T19:53:21Z",
                            "description": "",
                            "force_detach_policies": "false",
                            "id": "prod-cluster-iam-role",
                            "max_session_duration": "3600",
                            "name": "prod-cluster-iam-role",
                            "path": "/",
                            "tags.%": "0",
                            "unique_id": "AROAV57JWR6CME6FDF5WM"
                        },
                        "meta": {},
                        "tainted": false
                    },
                    "deposed": [],
                    "provider": "provider.aws"
                },
                "aws_iam_role.worker-node-role": {
                    "type": "aws_iam_role",
                    "depends_on": [],
                    "primary": {
                        "id": "prod-worker-nodes-role",
                        "attributes": {
                            "arn": "arn:aws:iam::407975137156:role/prod-worker-nodes-role",
                            "assume_role_policy": "{\"Version\":\"2012-10-17\",\"Statement\":[{\"Effect\":\"Allow\",\"Principal\":{\"Service\":\"ec2.amazonaws.com\"},\"Action\":\"sts:AssumeRole\"}]}",
                            "create_date": "2019-12-04T19:53:21Z",
                            "description": "",
                            "force_detach_policies": "false",
                            "id": "prod-worker-nodes-role",
                            "max_session_duration": "3600",
                            "name": "prod-worker-nodes-role",
                            "path": "/",
                            "tags.%": "0",
                            "unique_id": "AROAV57JWR6CGVED2EKJ7"
                        },
                        "meta": {},
                        "tainted": false
                    },
                    "deposed": [],
                    "provider": "provider.aws"
                },
                "aws_iam_role_policy_attachment.eks-cluster-AmazonEKSClusterPolicy": {
                    "type": "aws_iam_role_policy_attachment",
                    "depends_on": [
                        "aws_iam_role.cluster-role"
                    ],
                    "primary": {
                        "id": "prod-cluster-iam-role-20191204195322264300000005",
                        "attributes": {
                            "id": "prod-cluster-iam-role-20191204195322264300000005",
                            "policy_arn": "arn:aws:iam::aws:policy/AmazonEKSClusterPolicy",
                            "role": "prod-cluster-iam-role"
                        },
                        "meta": {},
                        "tainted": false
                    },
                    "deposed": [],
                    "provider": "provider.aws"
                },
                "aws_iam_role_policy_attachment.eks-cluster-AmazonEKSServicePolicy": {
                    "type": "aws_iam_role_policy_attachment",
                    "depends_on": [
                        "aws_iam_role.cluster-role"
                    ],
                    "primary": {
                        "id": "prod-cluster-iam-role-20191204195322306800000006",
                        "attributes": {
                            "id": "prod-cluster-iam-role-20191204195322306800000006",
                            "policy_arn": "arn:aws:iam::aws:policy/AmazonEKSServicePolicy",
                            "role": "prod-cluster-iam-role"
                        },
                        "meta": {},
                        "tainted": false
                    },
                    "deposed": [],
                    "provider": "provider.aws"
                },
                "aws_iam_role_policy_attachment.worker-node-AmazonEC2ContainerRegistryReadOnly": {
                    "type": "aws_iam_role_policy_attachment",
                    "depends_on": [
                        "aws_iam_role.worker-node-role"
                    ],
                    "primary": {
                        "id": "prod-worker-nodes-role-20191204195322257600000002",
                        "attributes": {
                            "id": "prod-worker-nodes-role-20191204195322257600000002",
                            "policy_arn": "arn:aws:iam::aws:policy/AmazonEC2ContainerRegistryReadOnly",
                            "role": "prod-worker-nodes-role"
                        },
                        "meta": {},
                        "tainted": false
                    },
                    "deposed": [],
                    "provider": "provider.aws"
                },
                "aws_iam_role_policy_attachment.worker-node-AmazonEC2FullAccess": {
                    "type": "aws_iam_role_policy_attachment",
                    "depends_on": [
                        "aws_iam_role.worker-node-role"
                    ],
                    "primary": {
                        "id": "prod-worker-nodes-role-20191204195322257900000003",
                        "attributes": {
                            "id": "prod-worker-nodes-role-20191204195322257900000003",
                            "policy_arn": "arn:aws:iam::aws:policy/AmazonEC2FullAccess",
                            "role": "prod-worker-nodes-role"
                        },
                        "meta": {},
                        "tainted": false
                    },
                    "deposed": [],
                    "provider": "provider.aws"
                },
                "aws_iam_role_policy_attachment.worker-node-AmazonEKSWorkerNodePolicy": {
                    "type": "aws_iam_role_policy_attachment",
                    "depends_on": [
                        "aws_iam_role.worker-node-role"
                    ],
                    "primary": {
                        "id": "prod-worker-nodes-role-20191204195322259600000004",
                        "attributes": {
                            "id": "prod-worker-nodes-role-20191204195322259600000004",
                            "policy_arn": "arn:aws:iam::aws:policy/AmazonEKSWorkerNodePolicy",
                            "role": "prod-worker-nodes-role"
                        },
                        "meta": {},
                        "tainted": false
                    },
                    "deposed": [],
                    "provider": "provider.aws"
                },
                "aws_iam_role_policy_attachment.worker-node-AmazonEKS_CNI_Policy": {
                    "type": "aws_iam_role_policy_attachment",
                    "depends_on": [
                        "aws_iam_role.worker-node-role"
                    ],
                    "primary": {
                        "id": "prod-worker-nodes-role-20191204195322253300000001",
                        "attributes": {
                            "id": "prod-worker-nodes-role-20191204195322253300000001",
                            "policy_arn": "arn:aws:iam::aws:policy/AmazonEKS_CNI_Policy",
                            "role": "prod-worker-nodes-role"
                        },
                        "meta": {},
                        "tainted": false
                    },
                    "deposed": [],
                    "provider": "provider.aws"
                },
                "aws_iam_role_policy_attachment.worker-node-resource_tagging_for_eks": {
                    "type": "aws_iam_role_policy_attachment",
                    "depends_on": [
                        "aws_iam_policy.eks-tagging",
                        "aws_iam_role.worker-node-role"
                    ],
                    "primary": {
                        "id": "prod-worker-nodes-role-20191204195322501600000007",
                        "attributes": {
                            "id": "prod-worker-nodes-role-20191204195322501600000007",
                            "policy_arn": "arn:aws:iam::407975137156:policy/prod_resource_tagging_for_eks",
                            "role": "prod-worker-nodes-role"
                        },
                        "meta": {},
                        "tainted": false
                    },
                    "deposed": [],
                    "provider": "provider.aws"
                },
                "aws_launch_configuration.worker": {
                    "type": "aws_launch_configuration",
                    "depends_on": [
                        "aws_iam_instance_profile.worker-node",
                        "aws_security_group.worker-node-sg",
                        "data.aws_ami.eks-worker",
                        "local.worker-node-userdata"
                    ],
                    "primary": {
                        "id": "prod-worker-node20191204200413810800000008",
                        "attributes": {
                            "associate_public_ip_address": "false",
                            "ebs_block_device.#": "0",
                            "ebs_optimized": "false",
                            "enable_monitoring": "true",
                            "ephemeral_block_device.#": "0",
                            "iam_instance_profile": "prod-eks-worker-node",
                            "id": "prod-worker-node20191204200413810800000008",
                            "image_id": "ami-07d6c8e62ce328a10",
                            "instance_type": "m5a.large",
                            "key_name": "",
                            "name": "prod-worker-node20191204200413810800000008",
                            "name_prefix": "prod-worker-node",
                            "root_block_device.#": "0",
                            "security_groups.#": "1",
                            "security_groups.3516591974": "sg-0cc3678e7294898fc",
                            "spot_price": "",
                            "user_data_base64": "IyEvYmluL2Jhc2gKc2V0IC1vIHh0cmFjZQovZXRjL2Vrcy9ib290c3RyYXAuc2ggLS1hcGlzZXJ2ZXItZW5kcG9pbnQgJ2h0dHBzOi8vMDcwMEI2QUE0Qzk3RjlCQUQ5MTRDOTQ0OTZEOUU2NEYuc2sxLnVzLWVhc3QtMS5la3MuYW1hem9uYXdzLmNvbScgLS1iNjQtY2x1c3Rlci1jYSAnTFMwdExTMUNSVWRKVGlCRFJWSlVTVVpKUTBGVVJTMHRMUzB0Q2sxSlNVTjVSRU5EUVdKRFowRjNTVUpCWjBsQ1FVUkJUa0puYTNGb2EybEhPWGN3UWtGUmMwWkJSRUZXVFZKTmQwVlJXVVJXVVZGRVJYZHdjbVJYU213S1kyMDFiR1JIVm5wTlFqUllSRlJGTlUxVVNYZE9SRWwzVFVSRk1VMVdiMWhFVkVrMVRWUkpkMDFVU1hkTlJFVXhUVlp2ZDBaVVJWUk5Ra1ZIUVRGVlJRcEJlRTFMWVROV2FWcFlTblZhV0ZKc1kzcERRMEZUU1hkRVVWbEtTMjlhU1doMlkwNUJVVVZDUWxGQlJHZG5SVkJCUkVORFFWRnZRMmRuUlVKQlRtaG9Dak4zWVZGWVFUVjFUR2RPUVN0WWFYQm5Ta1JCSzJScmJuWnBWRGRaTkdnNVoxWnhZWFZQY0N0RU9GZHNPVmRLU3pGc1kwdGllRU5QV21FeVNIZzNkMm9LTTB0RFVtZHRZVTlqZUhOWlIzZHpSRkpMZFhvMk5uQXlaRTFaUTNkMlRXVnVUQ3QxZWpCR2NsVm5ialV2Y0dOR1EzRjJUa0o0T1dObGFTdG9UVEZqY1Fwb05UQnBaR3RRYUUxdVNYVkJTVUpwVTNCQlpHRnNSMHB2VjBoMUt6VmthVXB6Y1hRclQxVlVSazh3YUhZdk5tSlhaMG94YzNabk9VTlRiR3R3Vm5FMENrMHZVRXBITlRJeFkxcEJWVVpOV1dKWFpUQTVWemRsUkZvME5rcHFUMlpQY2taeWJUazFkVUUxYVZZM1dsb3hNRE5hUVhWWldIcHRlVmcwZERaV1NFTUtRVXBJWXl0V2NGZHFVemxPWjFFNGNtTnFhV1puWlRCc00ycHRSWHBySzB3eFNTdHZjbTlxWkRnemJ5OVVXVGxaU1dsemQyWlJha0o1UjBOQ05rUjRZd295ZDJ4WGIxUkZNRVkxWWpsdmFtdHNTR1JOUTBGM1JVRkJZVTFxVFVORmQwUm5XVVJXVWpCUVFWRklMMEpCVVVSQlowdHJUVUU0UjBFeFZXUkZkMFZDQ2k5M1VVWk5RVTFDUVdZNGQwUlJXVXBMYjFwSmFIWmpUa0ZSUlV4Q1VVRkVaMmRGUWtGT1QxSnFlR0ZUUm5wU1VsRlRkMmRaV0VGNmRrdDZTVlpoVUhvS2JFNUVNbnBoUVdwTk1FUnFlVGxuVmtkWlVpOXRWRmhSVWpkYVFVWlhVRFJZWjBNd2F6QnBSa0ZxTURRd1EzRldWakZLUWt0emVsbG1ZVEpxYkhscGF3cEhaM1U0VlhveGRuSXhiRlZqZUVGVWIxZDZSemhvVDJ4M2QzZENRMm9yWjFWWWNsZFBaMHB3YTJ4MlQzbEVja1phVUZKMWVXTldkWEJaT0haSlkyWkpDbWMyVmtFcmJYZ3ZSalExYmxKNGJuY3pTVEphZUZkTmJ6TkdlSGRaYmt3elRFMXZWMmhXY1hsT1pVZHlZVzU0UkV0RVVEVktURVJSUXpsM2FrOVVXR2tLYlZGRVVteEtZVXA1V1U1MWRuYzNXVUp5TkVwbWVqVmthSGRzUVV4TlZVTXdUeXRKVEhwc2RpdHhVM2RpV1M5bVJVaEpVWE5uZDAxWVVXd3laakkxYWdvd1ozWlhZeXR0Y0dRemMxSTJiMEpUYTFaV01tMUlZVWMzVm5aS05FOHlObVpDVDFkbkwyeHBWM0ZxUzBaS1oxcFhjVVZNTkhwNFdXUk5SVDBLTFMwdExTMUZUa1FnUTBWU1ZFbEdTVU5CVkVVdExTMHRMUW89JyAncmV2cHJvLXByb2R1Y3Rpb24tY2x1c3RlcicK",
                            "vpc_classic_link_id": "",
                            "vpc_classic_link_security_groups.#": "0"
                        },
                        "meta": {},
                        "tainted": false
                    },
                    "deposed": [],
                    "provider": "provider.aws"
                },
                "aws_security_group.cluster-sg": {
                    "type": "aws_security_group",
                    "depends_on": [],
                    "primary": {
                        "id": "sg-012dc5ec74741afcb",
                        "attributes": {
                            "arn": "arn:aws:ec2:us-east-1:407975137156:security-group/sg-012dc5ec74741afcb",
                            "description": "Cluster communication with prod worker nodes",
                            "egress.#": "1",
                            "egress.482069346.cidr_blocks.#": "1",
                            "egress.482069346.cidr_blocks.0": "0.0.0.0/0",
                            "egress.482069346.description": "",
                            "egress.482069346.from_port": "0",
                            "egress.482069346.ipv6_cidr_blocks.#": "0",
                            "egress.482069346.prefix_list_ids.#": "0",
                            "egress.482069346.protocol": "-1",
                            "egress.482069346.security_groups.#": "0",
                            "egress.482069346.self": "false",
                            "egress.482069346.to_port": "0",
                            "id": "sg-012dc5ec74741afcb",
                            "ingress.#": "0",
                            "name": "prod-clusterSG",
                            "owner_id": "407975137156",
                            "revoke_rules_on_delete": "false",
                            "tags.%": "1",
                            "tags.Name": "prod-cluster",
                            "vpc_id": "vpc-06aa495824295d844"
                        },
                        "meta": {
                            "e2bfb730-ecaa-11e6-8f88-34363bc7c4c0": {
                                "create": 600000000000,
                                "delete": 600000000000
                            },
                            "schema_version": "1"
                        },
                        "tainted": false
                    },
                    "deposed": [],
                    "provider": "provider.aws"
                },
                "aws_security_group.eks_alb_sg": {
                    "type": "aws_security_group",
                    "depends_on": [],
                    "primary": {
                        "id": "sg-0050ac31df06fa76e",
                        "attributes": {
                            "arn": "arn:aws:ec2:us-east-1:407975137156:security-group/sg-0050ac31df06fa76e",
                            "description": "Allow prod worker nodes pods to communicate with outsiders",
                            "egress.#": "1",
                            "egress.482069346.cidr_blocks.#": "1",
                            "egress.482069346.cidr_blocks.0": "0.0.0.0/0",
                            "egress.482069346.description": "",
                            "egress.482069346.from_port": "0",
                            "egress.482069346.ipv6_cidr_blocks.#": "0",
                            "egress.482069346.prefix_list_ids.#": "0",
                            "egress.482069346.protocol": "-1",
                            "egress.482069346.security_groups.#": "0",
                            "egress.482069346.self": "false",
                            "egress.482069346.to_port": "0",
                            "id": "sg-0050ac31df06fa76e",
                            "ingress.#": "0",
                            "name": "eks-alb-prod-loadbalancer-sg",
                            "owner_id": "407975137156",
                            "revoke_rules_on_delete": "false",
                            "tags.%": "1",
                            "tags.Name": "prod-eks-alb-sg",
                            "vpc_id": "vpc-06aa495824295d844"
                        },
                        "meta": {
                            "e2bfb730-ecaa-11e6-8f88-34363bc7c4c0": {
                                "create": 600000000000,
                                "delete": 600000000000
                            },
                            "schema_version": "1"
                        },
                        "tainted": false
                    },
                    "deposed": [],
                    "provider": "provider.aws"
                },
                "aws_security_group.worker-node-sg": {
                    "type": "aws_security_group",
                    "depends_on": [],
                    "primary": {
                        "id": "sg-0cc3678e7294898fc",
                        "attributes": {
                            "arn": "arn:aws:ec2:us-east-1:407975137156:security-group/sg-0cc3678e7294898fc",
                            "description": "Security group for all nodes in the prod cluster",
                            "egress.#": "1",
                            "egress.482069346.cidr_blocks.#": "1",
                            "egress.482069346.cidr_blocks.0": "0.0.0.0/0",
                            "egress.482069346.description": "",
                            "egress.482069346.from_port": "0",
                            "egress.482069346.ipv6_cidr_blocks.#": "0",
                            "egress.482069346.prefix_list_ids.#": "0",
                            "egress.482069346.protocol": "-1",
                            "egress.482069346.security_groups.#": "0",
                            "egress.482069346.self": "false",
                            "egress.482069346.to_port": "0",
                            "id": "sg-0cc3678e7294898fc",
                            "ingress.#": "0",
                            "name": "prod-worker-nodeSG",
                            "owner_id": "407975137156",
                            "revoke_rules_on_delete": "false",
                            "tags.%": "2",
                            "tags.Name": "prod-worker-node-sg",
                            "tags.kubernetes.io/cluster/": "revpro-production-cluster",
                            "vpc_id": "vpc-06aa495824295d844"
                        },
                        "meta": {
                            "e2bfb730-ecaa-11e6-8f88-34363bc7c4c0": {
                                "create": 600000000000,
                                "delete": 600000000000
                            },
                            "schema_version": "1"
                        },
                        "tainted": false
                    },
                    "deposed": [],
                    "provider": "provider.aws"
                },
                "aws_security_group_rule.allow_http": {
                    "type": "aws_security_group_rule",
                    "depends_on": [
                        "aws_security_group.eks_alb_sg",
                        "aws_security_group.worker-node-sg"
                    ],
                    "primary": {
                        "id": "sgrule-3642153110",
                        "attributes": {
                            "from_port": "80",
                            "id": "sgrule-3642153110",
                            "protocol": "tcp",
                            "security_group_id": "sg-0050ac31df06fa76e",
                            "self": "false",
                            "source_security_group_id": "sg-0cc3678e7294898fc",
                            "to_port": "80",
                            "type": "ingress"
                        },
                        "meta": {
                            "schema_version": "2"
                        },
                        "tainted": false
                    },
                    "deposed": [],
                    "provider": "provider.aws"
                },
                "aws_security_group_rule.allow_https": {
                    "type": "aws_security_group_rule",
                    "depends_on": [
                        "aws_security_group.eks_alb_sg",
                        "aws_security_group.worker-node-sg"
                    ],
                    "primary": {
                        "id": "sgrule-1613232569",
                        "attributes": {
                            "from_port": "443",
                            "id": "sgrule-1613232569",
                            "protocol": "tcp",
                            "security_group_id": "sg-0050ac31df06fa76e",
                            "self": "false",
                            "source_security_group_id": "sg-0cc3678e7294898fc",
                            "to_port": "443",
                            "type": "ingress"
                        },
                        "meta": {
                            "schema_version": "2"
                        },
                        "tainted": false
                    },
                    "deposed": [],
                    "provider": "provider.aws"
                },
                "aws_security_group_rule.allow_worker_node": {
                    "type": "aws_security_group_rule",
                    "depends_on": [
                        "aws_security_group.eks_alb_sg",
                        "aws_security_group.worker-node-sg"
                    ],
                    "primary": {
                        "id": "sgrule-1895042258",
                        "attributes": {
                            "from_port": "0",
                            "id": "sgrule-1895042258",
                            "protocol": "tcp",
                            "security_group_id": "sg-0050ac31df06fa76e",
                            "self": "false",
                            "source_security_group_id": "sg-0cc3678e7294898fc",
                            "to_port": "65535",
                            "type": "ingress"
                        },
                        "meta": {
                            "schema_version": "2"
                        },
                        "tainted": false
                    },
                    "deposed": [],
                    "provider": "provider.aws"
                },
                "aws_security_group_rule.cluster-ingress-node-https": {
                    "type": "aws_security_group_rule",
                    "depends_on": [
                        "aws_security_group.cluster-sg",
                        "aws_security_group.worker-node-sg"
                    ],
                    "primary": {
                        "id": "sgrule-1575407341",
                        "attributes": {
                            "description": "Allow pods to communicate with the cluster API Server",
                            "from_port": "443",
                            "id": "sgrule-1575407341",
                            "protocol": "tcp",
                            "security_group_id": "sg-012dc5ec74741afcb",
                            "self": "false",
                            "source_security_group_id": "sg-0cc3678e7294898fc",
                            "to_port": "443",
                            "type": "ingress"
                        },
                        "meta": {
                            "schema_version": "2"
                        },
                        "tainted": false
                    },
                    "deposed": [],
                    "provider": "provider.aws"
                },
                "aws_security_group_rule.cluster-ingress-workstation-https": {
                    "type": "aws_security_group_rule",
                    "depends_on": [
                        "aws_security_group.cluster-sg"
                    ],
                    "primary": {
                        "id": "sgrule-378612141",
                        "attributes": {
                            "cidr_blocks.#": "1",
                            "cidr_blocks.0": "0.0.0.0/0",
                            "description": "Allow workstation to communicate with the cluster API Server",
                            "from_port": "443",
                            "id": "sgrule-378612141",
                            "protocol": "tcp",
                            "security_group_id": "sg-012dc5ec74741afcb",
                            "self": "false",
                            "to_port": "443",
                            "type": "ingress"
                        },
                        "meta": {
                            "schema_version": "2"
                        },
                        "tainted": false
                    },
                    "deposed": [],
                    "provider": "provider.aws"
                },
                "aws_security_group_rule.worker-node-for-alb": {
                    "type": "aws_security_group_rule",
                    "depends_on": [
                        "aws_security_group.eks_alb_sg",
                        "aws_security_group.worker-node-sg"
                    ],
                    "primary": {
                        "id": "sgrule-3435913188",
                        "attributes": {
                            "description": "Allow worker Kubelets and pods to receive communication from alb",
                            "from_port": "0",
                            "id": "sgrule-3435913188",
                            "protocol": "tcp",
                            "security_group_id": "sg-0cc3678e7294898fc",
                            "self": "false",
                            "source_security_group_id": "sg-0050ac31df06fa76e",
                            "to_port": "65535",
                            "type": "ingress"
                        },
                        "meta": {
                            "schema_version": "2"
                        },
                        "tainted": false
                    },
                    "deposed": [],
                    "provider": "provider.aws"
                },
                "aws_security_group_rule.worker-node-for-control-server": {
                    "type": "aws_security_group_rule",
                    "depends_on": [
                        "aws_security_group.worker-node-sg"
                    ],
                    "primary": {
                        "id": "sgrule-4050831256",
                        "attributes": {
                            "description": "Allow worker Kubelets and pods to receive communication from the control server",
                            "from_port": "0",
                            "id": "sgrule-4050831256",
                            "protocol": "tcp",
                            "security_group_id": "sg-0cc3678e7294898fc",
                            "self": "false",
                            "source_security_group_id": "sg-031e52985d21ae26e",
                            "to_port": "65535",
                            "type": "ingress"
                        },
                        "meta": {
                            "schema_version": "2"
                        },
                        "tainted": false
                    },
                    "deposed": [],
                    "provider": "provider.aws"
                },
                "aws_security_group_rule.worker-node-ingress-cluster": {
                    "type": "aws_security_group_rule",
                    "depends_on": [
                        "aws_security_group.cluster-sg",
                        "aws_security_group.worker-node-sg"
                    ],
                    "primary": {
                        "id": "sgrule-1976260462",
                        "attributes": {
                            "description": "Allow worker Kubelets and pods to receive communication from the cluster control plane",
                            "from_port": "1025",
                            "id": "sgrule-1976260462",
                            "protocol": "tcp",
                            "security_group_id": "sg-0cc3678e7294898fc",
                            "self": "false",
                            "source_security_group_id": "sg-012dc5ec74741afcb",
                            "to_port": "65535",
                            "type": "ingress"
                        },
                        "meta": {
                            "schema_version": "2"
                        },
                        "tainted": false
                    },
                    "deposed": [],
                    "provider": "provider.aws"
                },
                "aws_security_group_rule.worker-node-ingress-self": {
                    "type": "aws_security_group_rule",
                    "depends_on": [
                        "aws_security_group.worker-node-sg"
                    ],
                    "primary": {
                        "id": "sgrule-1726676465",
                        "attributes": {
                            "description": "Allow node to communicate with each other",
                            "from_port": "0",
                            "id": "sgrule-1726676465",
                            "protocol": "-1",
                            "security_group_id": "sg-0cc3678e7294898fc",
                            "self": "false",
                            "source_security_group_id": "sg-0cc3678e7294898fc",
                            "to_port": "65535",
                            "type": "ingress"
                        },
                        "meta": {
                            "schema_version": "2"
                        },
                        "tainted": false
                    },
                    "deposed": [],
                    "provider": "provider.aws"
                },
                "data.aws_ami.eks-worker": {
                    "type": "aws_ami",
                    "depends_on": [
                        "aws_eks_cluster.eks-cluster"
                    ],
                    "primary": {
                        "id": "ami-07d6c8e62ce328a10",
                        "attributes": {
                            "architecture": "x86_64",
                            "block_device_mappings.#": "1",
                            "block_device_mappings.3798922657.device_name": "/dev/xvda",
                            "block_device_mappings.3798922657.ebs.%": "6",
                            "block_device_mappings.3798922657.ebs.delete_on_termination": "true",
                            "block_device_mappings.3798922657.ebs.encrypted": "false",
                            "block_device_mappings.3798922657.ebs.iops": "0",
                            "block_device_mappings.3798922657.ebs.snapshot_id": "snap-09002ba30698ec157",
                            "block_device_mappings.3798922657.ebs.volume_size": "20",
                            "block_device_mappings.3798922657.ebs.volume_type": "gp2",
                            "block_device_mappings.3798922657.no_device": "",
                            "block_device_mappings.3798922657.virtual_name": "",
                            "creation_date": "2019-11-19T07:02:00.000Z",
                            "description": "EKS Kubernetes Worker AMI with AmazonLinux2 image, (k8s: 1.14.7, docker:18.09.9ce-2.amzn2)",
                            "filter.#": "1",
                            "filter.2918724906.name": "name",
                            "filter.2918724906.values.#": "1",
                            "filter.2918724906.values.0": "amazon-eks-node-1.14-v*",
                            "hypervisor": "xen",
                            "id": "ami-07d6c8e62ce328a10",
                            "image_id": "ami-07d6c8e62ce328a10",
                            "image_location": "amazon/amazon-eks-node-1.14-v20191119",
                            "image_owner_alias": "amazon",
                            "image_type": "machine",
                            "most_recent": "true",
                            "name": "amazon-eks-node-1.14-v20191119",
                            "owner_id": "602401143452",
                            "owners.#": "1",
                            "owners.0": "602401143452",
                            "product_codes.#": "0",
                            "public": "true",
                            "root_device_name": "/dev/xvda",
                            "root_device_type": "ebs",
                            "root_snapshot_id": "snap-09002ba30698ec157",
                            "sriov_net_support": "simple",
                            "state": "available",
                            "state_reason.%": "2",
                            "state_reason.code": "UNSET",
                            "state_reason.message": "UNSET",
                            "tags.%": "0",
                            "virtualization_type": "hvm"
                        },
                        "meta": {},
                        "tainted": false
                    },
                    "deposed": [],
                    "provider": "provider.aws"
                },
                "data.http.workstation-external-ip": {
                    "type": "http",
                    "depends_on": [],
                    "primary": {
                        "id": "2019-12-04 19:53:14.634934317 +0000 UTC",
                        "attributes": {
                            "body": "54.153.89.154\n",
                            "id": "2019-12-04 19:53:14.634934317 +0000 UTC",
                            "url": "http://ipv4.icanhazip.com"
                        },
                        "meta": {},
                        "tainted": false
                    },
                    "deposed": [],
                    "provider": "provider.http"
                }
            },
            "depends_on": []
        },
        {
            "path": [
                "root",
                "kubernetes-server"
            ],
            "outputs": {
                "elastic_ip": {
                    "sensitive": false,
                    "type": "string",
                    "value": "18.210.89.252"
                },
                "kubernetes-server-instance-sg": {
                    "sensitive": false,
                    "type": "string",
                    "value": "sg-031e52985d21ae26e"
                }
            },
            "resources": {
                "aws_eip.ip": {
                    "type": "aws_eip",
                    "depends_on": [
                        "aws_instance.kubernetes-server"
                    ],
                    "primary": {
                        "id": "eipalloc-0010d897804c4d955",
                        "attributes": {
                            "association_id": "eipassoc-058e2dfb48a1548af",
                            "domain": "vpc",
                            "id": "eipalloc-0010d897804c4d955",
                            "instance": "i-0827cac280229f53a",
                            "network_interface": "eni-0e0ab27c2eb0df5a0",
                            "private_dns": "ip-10-0-207-126.ec2.internal",
                            "private_ip": "10.0.207.126",
                            "public_dns": "ec2-18-210-89-252.compute-1.amazonaws.com",
                            "public_ip": "18.210.89.252",
                            "public_ipv4_pool": "amazon",
                            "tags.%": "1",
                            "tags.Name": "server_eip",
                            "vpc": "true"
                        },
                        "meta": {
                            "e2bfb730-ecaa-11e6-8f88-34363bc7c4c0": {
                                "delete": 180000000000,
                                "read": 900000000000,
                                "update": 300000000000
                            }
                        },
                        "tainted": false
                    },
                    "deposed": [],
                    "provider": "provider.aws"
                },
                "aws_instance.kubernetes-server": {
                    "type": "aws_instance",
                    "depends_on": [
                        "aws_security_group.kubernetes-server-instance-sg"
                    ],
                    "primary": {
                        "id": "i-0827cac280229f53a",
                        "attributes": {
                            "ami": "ami-07d6c8e62ce328a10",
                            "arn": "arn:aws:ec2:us-east-1:407975137156:instance/i-0827cac280229f53a",
                            "associate_public_ip_address": "false",
                            "availability_zone": "us-east-1a",
                            "cpu_core_count": "1",
                            "cpu_threads_per_core": "2",
                            "disable_api_termination": "false",
                            "ebs_block_device.#": "0",
                            "ebs_optimized": "false",
                            "ephemeral_block_device.#": "0",
                            "get_password_data": "false",
                            "iam_instance_profile": "",
                            "id": "i-0827cac280229f53a",
                            "instance_state": "running",
                            "instance_type": "m5a.large",
                            "ipv6_address_count": "0",
                            "ipv6_addresses.#": "0",
                            "key_name": "revpro-prod-cluster-key",
                            "monitoring": "false",
                            "network_interface.#": "0",
                            "password_data": "",
                            "placement_group": "",
                            "primary_network_interface_id": "eni-0e0ab27c2eb0df5a0",
                            "private_dns": "ip-10-0-207-126.ec2.internal",
                            "private_ip": "10.0.207.126",
                            "public_dns": "",
                            "public_ip": "",
                            "root_block_device.#": "1",
                            "root_block_device.0.delete_on_termination": "true",
                            "root_block_device.0.encrypted": "false",
                            "root_block_device.0.iops": "150",
                            "root_block_device.0.kms_key_id": "",
                            "root_block_device.0.volume_id": "vol-0f39d1ace056eb256",
                            "root_block_device.0.volume_size": "50",
                            "root_block_device.0.volume_type": "gp2",
                            "security_groups.#": "0",
                            "source_dest_check": "true",
                            "subnet_id": "subnet-07031238d2e62eeb5",
                            "tags.%": "1",
                            "tags.Name": "revpro-production-cluster-srv",
                            "tenancy": "default",
                            "volume_tags.%": "0",
                            "vpc_security_group_ids.#": "1",
                            "vpc_security_group_ids.1308249333": "sg-031e52985d21ae26e"
                        },
                        "meta": {
                            "e2bfb730-ecaa-11e6-8f88-34363bc7c4c0": {
                                "create": 600000000000,
                                "delete": 1200000000000,
                                "update": 600000000000
                            },
                            "schema_version": "1"
                        },
                        "tainted": false
                    },
                    "deposed": [],
                    "provider": "provider.aws"
                },
                "aws_security_group.kubernetes-server-instance-sg": {
                    "type": "aws_security_group",
                    "depends_on": [],
                    "primary": {
                        "id": "sg-031e52985d21ae26e",
                        "attributes": {
                            "arn": "arn:aws:ec2:us-east-1:407975137156:security-group/sg-031e52985d21ae26e",
                            "description": "kubectl_prod_instance_sg",
                            "egress.#": "1",
                            "egress.482069346.cidr_blocks.#": "1",
                            "egress.482069346.cidr_blocks.0": "0.0.0.0/0",
                            "egress.482069346.description": "",
                            "egress.482069346.from_port": "0",
                            "egress.482069346.ipv6_cidr_blocks.#": "0",
                            "egress.482069346.prefix_list_ids.#": "0",
                            "egress.482069346.protocol": "-1",
                            "egress.482069346.security_groups.#": "0",
                            "egress.482069346.self": "false",
                            "egress.482069346.to_port": "0",
                            "id": "sg-031e52985d21ae26e",
                            "ingress.#": "1",
                            "ingress.2541437006.cidr_blocks.#": "1",
                            "ingress.2541437006.cidr_blocks.0": "0.0.0.0/0",
                            "ingress.2541437006.description": "",
                            "ingress.2541437006.from_port": "22",
                            "ingress.2541437006.ipv6_cidr_blocks.#": "0",
                            "ingress.2541437006.prefix_list_ids.#": "0",
                            "ingress.2541437006.protocol": "tcp",
                            "ingress.2541437006.security_groups.#": "0",
                            "ingress.2541437006.self": "false",
                            "ingress.2541437006.to_port": "22",
                            "name": "kubernetes-server-prod-instance-sg",
                            "owner_id": "407975137156",
                            "revoke_rules_on_delete": "false",
                            "tags.%": "1",
                            "tags.Name": "kubectl_server-SG",
                            "vpc_id": "vpc-06aa495824295d844"
                        },
                        "meta": {
                            "e2bfb730-ecaa-11e6-8f88-34363bc7c4c0": {
                                "create": 600000000000,
                                "delete": 600000000000
                            },
                            "schema_version": "1"
                        },
                        "tainted": false
                    },
                    "deposed": [],
                    "provider": "provider.aws"
                }
            },
            "depends_on": []
        },
        {
            "path": [
                "root",
                "vpc"
            ],
            "outputs": {
                "master_subnet": {
                    "sensitive": false,
                    "type": "list",
                    "value": [
                        "subnet-06d44f23704e0005a",
                        "subnet-09372e6cb83722c9e",
                        "subnet-0bbf7d676d12d50d8"
                    ]
                },
                "private_subnet": {
                    "sensitive": false,
                    "type": "list",
                    "value": [
                        "subnet-0b7acb15916a71d0c",
                        "subnet-0182ce75ed6b30f4a",
                        "subnet-0eda1da40857ade1b"
                    ]
                },
                "public_subnet": {
                    "sensitive": false,
                    "type": "list",
                    "value": [
                        "subnet-07031238d2e62eeb5",
                        "subnet-0708d2e2a09f5fafc",
                        "subnet-005e3ea7d7030efde"
                    ]
                },
                "vpc_cidr_block": {
                    "sensitive": false,
                    "type": "string",
                    "value": "10.0.0.0/16"
                },
                "vpc_id": {
                    "sensitive": false,
                    "type": "string",
                    "value": "vpc-06aa495824295d844"
                },
                "worker_node_subnet": {
                    "sensitive": false,
                    "type": "list",
                    "value": [
                        "subnet-0ccc3af8980fad913",
                        "subnet-0bd1d80cf774a7165",
                        "subnet-0ba428a265f250d59"
                    ]
                }
            },
            "resources": {
                "aws_eip.eip": {
                    "type": "aws_eip",
                    "depends_on": [],
                    "primary": {
                        "id": "eipalloc-0526227fe3c74893e",
                        "attributes": {
                            "association_id": "",
                            "domain": "vpc",
                            "id": "eipalloc-0526227fe3c74893e",
                            "instance": "",
                            "network_interface": "",
                            "private_ip": "",
                            "public_dns": "ec2-34-197-187-87.compute-1.amazonaws.com",
                            "public_ip": "34.197.187.87",
                            "public_ipv4_pool": "amazon",
                            "tags.%": "1",
                            "tags.Name": "Elastic IP",
                            "vpc": "true"
                        },
                        "meta": {
                            "e2bfb730-ecaa-11e6-8f88-34363bc7c4c0": {
                                "delete": 180000000000,
                                "read": 900000000000,
                                "update": 300000000000
                            }
                        },
                        "tainted": false
                    },
                    "deposed": [],
                    "provider": "provider.aws"
                },
                "aws_internet_gateway.igw": {
                    "type": "aws_internet_gateway",
                    "depends_on": [
                        "aws_vpc.this"
                    ],
                    "primary": {
                        "id": "igw-08d3dbd457734d1e0",
                        "attributes": {
                            "id": "igw-08d3dbd457734d1e0",
                            "owner_id": "407975137156",
                            "tags.%": "1",
                            "tags.Name": "Internet-Gateway",
                            "vpc_id": "vpc-06aa495824295d844"
                        },
                        "meta": {},
                        "tainted": false
                    },
                    "deposed": [],
                    "provider": "provider.aws"
                },
                "aws_nat_gateway.nat-gw": {
                    "type": "aws_nat_gateway",
                    "depends_on": [
                        "aws_eip.eip",
                        "aws_subnet.master_subnet.*"
                    ],
                    "primary": {
                        "id": "nat-087bff769fd06557a",
                        "attributes": {
                            "allocation_id": "eipalloc-0526227fe3c74893e",
                            "id": "nat-087bff769fd06557a",
                            "network_interface_id": "eni-0b03a83da9261fcdc",
                            "private_ip": "10.0.55.187",
                            "public_ip": "34.197.187.87",
                            "subnet_id": "subnet-06d44f23704e0005a",
                            "tags.%": "1",
                            "tags.Name": "Nat_gateway"
                        },
                        "meta": {},
                        "tainted": false
                    },
                    "deposed": [],
                    "provider": "provider.aws"
                },
                "aws_route_table.rt_private": {
                    "type": "aws_route_table",
                    "depends_on": [
                        "aws_nat_gateway.nat-gw",
                        "aws_vpc.this"
                    ],
                    "primary": {
                        "id": "rtb-02f0055ad8b602129",
                        "attributes": {
                            "id": "rtb-02f0055ad8b602129",
                            "owner_id": "407975137156",
                            "propagating_vgws.#": "0",
                            "route.#": "1",
                            "route.3025752153.cidr_block": "0.0.0.0/0",
                            "route.3025752153.egress_only_gateway_id": "",
                            "route.3025752153.gateway_id": "",
                            "route.3025752153.instance_id": "",
                            "route.3025752153.ipv6_cidr_block": "",
                            "route.3025752153.nat_gateway_id": "nat-087bff769fd06557a",
                            "route.3025752153.network_interface_id": "",
                            "route.3025752153.transit_gateway_id": "",
                            "route.3025752153.vpc_peering_connection_id": "",
                            "tags.%": "1",
                            "tags.Name": "Private_route_table",
                            "vpc_id": "vpc-06aa495824295d844"
                        },
                        "meta": {},
                        "tainted": false
                    },
                    "deposed": [],
                    "provider": "provider.aws"
                },
                "aws_route_table.rt_public": {
                    "type": "aws_route_table",
                    "depends_on": [
                        "aws_internet_gateway.igw",
                        "aws_vpc.this"
                    ],
                    "primary": {
                        "id": "rtb-05d778faa7ee43f1a",
                        "attributes": {
                            "id": "rtb-05d778faa7ee43f1a",
                            "owner_id": "407975137156",
                            "propagating_vgws.#": "0",
                            "route.#": "1",
                            "route.76183246.cidr_block": "0.0.0.0/0",
                            "route.76183246.egress_only_gateway_id": "",
                            "route.76183246.gateway_id": "igw-08d3dbd457734d1e0",
                            "route.76183246.instance_id": "",
                            "route.76183246.ipv6_cidr_block": "",
                            "route.76183246.nat_gateway_id": "",
                            "route.76183246.network_interface_id": "",
                            "route.76183246.transit_gateway_id": "",
                            "route.76183246.vpc_peering_connection_id": "",
                            "tags.%": "1",
                            "tags.Name": "Public_route_table",
                            "vpc_id": "vpc-06aa495824295d844"
                        },
                        "meta": {},
                        "tainted": false
                    },
                    "deposed": [],
                    "provider": "provider.aws"
                },
                "aws_route_table_association.master.0": {
                    "type": "aws_route_table_association",
                    "depends_on": [
                        "aws_route_table.rt_public",
                        "aws_subnet.master_subnet.*"
                    ],
                    "primary": {
                        "id": "rtbassoc-0ac0f4227d4c3bb19",
                        "attributes": {
                            "id": "rtbassoc-0ac0f4227d4c3bb19",
                            "route_table_id": "rtb-05d778faa7ee43f1a",
                            "subnet_id": "subnet-06d44f23704e0005a"
                        },
                        "meta": {},
                        "tainted": false
                    },
                    "deposed": [],
                    "provider": "provider.aws"
                },
                "aws_route_table_association.master.1": {
                    "type": "aws_route_table_association",
                    "depends_on": [
                        "aws_route_table.rt_public",
                        "aws_subnet.master_subnet.*"
                    ],
                    "primary": {
                        "id": "rtbassoc-0fe67ad457c044335",
                        "attributes": {
                            "id": "rtbassoc-0fe67ad457c044335",
                            "route_table_id": "rtb-05d778faa7ee43f1a",
                            "subnet_id": "subnet-09372e6cb83722c9e"
                        },
                        "meta": {},
                        "tainted": false
                    },
                    "deposed": [],
                    "provider": "provider.aws"
                },
                "aws_route_table_association.master.2": {
                    "type": "aws_route_table_association",
                    "depends_on": [
                        "aws_route_table.rt_public",
                        "aws_subnet.master_subnet.*"
                    ],
                    "primary": {
                        "id": "rtbassoc-076b9c9c4980e798c",
                        "attributes": {
                            "id": "rtbassoc-076b9c9c4980e798c",
                            "route_table_id": "rtb-05d778faa7ee43f1a",
                            "subnet_id": "subnet-0bbf7d676d12d50d8"
                        },
                        "meta": {},
                        "tainted": false
                    },
                    "deposed": [],
                    "provider": "provider.aws"
                },
                "aws_route_table_association.private_sub.0": {
                    "type": "aws_route_table_association",
                    "depends_on": [
                        "aws_route_table.rt_private",
                        "aws_subnet.private_subnet.*"
                    ],
                    "primary": {
                        "id": "rtbassoc-09a90f5ea98b25c82",
                        "attributes": {
                            "id": "rtbassoc-09a90f5ea98b25c82",
                            "route_table_id": "rtb-02f0055ad8b602129",
                            "subnet_id": "subnet-0b7acb15916a71d0c"
                        },
                        "meta": {},
                        "tainted": false
                    },
                    "deposed": [],
                    "provider": "provider.aws"
                },
                "aws_route_table_association.private_sub.1": {
                    "type": "aws_route_table_association",
                    "depends_on": [
                        "aws_route_table.rt_private",
                        "aws_subnet.private_subnet.*"
                    ],
                    "primary": {
                        "id": "rtbassoc-0442b9da3da64d151",
                        "attributes": {
                            "id": "rtbassoc-0442b9da3da64d151",
                            "route_table_id": "rtb-02f0055ad8b602129",
                            "subnet_id": "subnet-0182ce75ed6b30f4a"
                        },
                        "meta": {},
                        "tainted": false
                    },
                    "deposed": [],
                    "provider": "provider.aws"
                },
                "aws_route_table_association.private_sub.2": {
                    "type": "aws_route_table_association",
                    "depends_on": [
                        "aws_route_table.rt_private",
                        "aws_subnet.private_subnet.*"
                    ],
                    "primary": {
                        "id": "rtbassoc-06289044601d3c4a7",
                        "attributes": {
                            "id": "rtbassoc-06289044601d3c4a7",
                            "route_table_id": "rtb-02f0055ad8b602129",
                            "subnet_id": "subnet-0eda1da40857ade1b"
                        },
                        "meta": {},
                        "tainted": false
                    },
                    "deposed": [],
                    "provider": "provider.aws"
                },
                "aws_route_table_association.public.0": {
                    "type": "aws_route_table_association",
                    "depends_on": [
                        "aws_route_table.rt_public",
                        "aws_subnet.public_subnet.*"
                    ],
                    "primary": {
                        "id": "rtbassoc-0c0a6eaf03f8e7510",
                        "attributes": {
                            "id": "rtbassoc-0c0a6eaf03f8e7510",
                            "route_table_id": "rtb-05d778faa7ee43f1a",
                            "subnet_id": "subnet-07031238d2e62eeb5"
                        },
                        "meta": {},
                        "tainted": false
                    },
                    "deposed": [],
                    "provider": "provider.aws"
                },
                "aws_route_table_association.public.1": {
                    "type": "aws_route_table_association",
                    "depends_on": [
                        "aws_route_table.rt_public",
                        "aws_subnet.public_subnet.*"
                    ],
                    "primary": {
                        "id": "rtbassoc-08da8176a282694fc",
                        "attributes": {
                            "id": "rtbassoc-08da8176a282694fc",
                            "route_table_id": "rtb-05d778faa7ee43f1a",
                            "subnet_id": "subnet-0708d2e2a09f5fafc"
                        },
                        "meta": {},
                        "tainted": false
                    },
                    "deposed": [],
                    "provider": "provider.aws"
                },
                "aws_route_table_association.public.2": {
                    "type": "aws_route_table_association",
                    "depends_on": [
                        "aws_route_table.rt_public",
                        "aws_subnet.public_subnet.*"
                    ],
                    "primary": {
                        "id": "rtbassoc-0269df33373a189bb",
                        "attributes": {
                            "id": "rtbassoc-0269df33373a189bb",
                            "route_table_id": "rtb-05d778faa7ee43f1a",
                            "subnet_id": "subnet-005e3ea7d7030efde"
                        },
                        "meta": {},
                        "tainted": false
                    },
                    "deposed": [],
                    "provider": "provider.aws"
                },
                "aws_route_table_association.worker.0": {
                    "type": "aws_route_table_association",
                    "depends_on": [
                        "aws_route_table.rt_private",
                        "aws_subnet.worker_subnet.*"
                    ],
                    "primary": {
                        "id": "rtbassoc-02f821a673e4a85bf",
                        "attributes": {
                            "id": "rtbassoc-02f821a673e4a85bf",
                            "route_table_id": "rtb-02f0055ad8b602129",
                            "subnet_id": "subnet-0ccc3af8980fad913"
                        },
                        "meta": {},
                        "tainted": false
                    },
                    "deposed": [],
                    "provider": "provider.aws"
                },
                "aws_route_table_association.worker.1": {
                    "type": "aws_route_table_association",
                    "depends_on": [
                        "aws_route_table.rt_private",
                        "aws_subnet.worker_subnet.*"
                    ],
                    "primary": {
                        "id": "rtbassoc-00d67ceb8d599e6e2",
                        "attributes": {
                            "id": "rtbassoc-00d67ceb8d599e6e2",
                            "route_table_id": "rtb-02f0055ad8b602129",
                            "subnet_id": "subnet-0bd1d80cf774a7165"
                        },
                        "meta": {},
                        "tainted": false
                    },
                    "deposed": [],
                    "provider": "provider.aws"
                },
                "aws_route_table_association.worker.2": {
                    "type": "aws_route_table_association",
                    "depends_on": [
                        "aws_route_table.rt_private",
                        "aws_subnet.worker_subnet.*"
                    ],
                    "primary": {
                        "id": "rtbassoc-01e85eef7398a5ef1",
                        "attributes": {
                            "id": "rtbassoc-01e85eef7398a5ef1",
                            "route_table_id": "rtb-02f0055ad8b602129",
                            "subnet_id": "subnet-0ba428a265f250d59"
                        },
                        "meta": {},
                        "tainted": false
                    },
                    "deposed": [],
                    "provider": "provider.aws"
                },
                "aws_subnet.master_subnet.0": {
                    "type": "aws_subnet",
                    "depends_on": [
                        "aws_vpc.this",
                        "data.aws_availability_zones.available"
                    ],
                    "primary": {
                        "id": "subnet-06d44f23704e0005a",
                        "attributes": {
                            "arn": "arn:aws:ec2:us-east-1:407975137156:subnet/subnet-06d44f23704e0005a",
                            "assign_ipv6_address_on_creation": "false",
                            "availability_zone": "us-east-1a",
                            "availability_zone_id": "use1-az1",
                            "cidr_block": "10.0.48.0/20",
                            "id": "subnet-06d44f23704e0005a",
                            "ipv6_cidr_block": "",
                            "ipv6_cidr_block_association_id": "",
                            "map_public_ip_on_launch": "false",
                            "owner_id": "407975137156",
                            "tags.%": "1",
                            "tags.Name": "Master_us-east-1a",
                            "vpc_id": "vpc-06aa495824295d844"
                        },
                        "meta": {
                            "e2bfb730-ecaa-11e6-8f88-34363bc7c4c0": {
                                "create": 600000000000,
                                "delete": 1200000000000
                            },
                            "schema_version": "1"
                        },
                        "tainted": false
                    },
                    "deposed": [],
                    "provider": "provider.aws"
                },
                "aws_subnet.master_subnet.1": {
                    "type": "aws_subnet",
                    "depends_on": [
                        "aws_vpc.this",
                        "data.aws_availability_zones.available"
                    ],
                    "primary": {
                        "id": "subnet-09372e6cb83722c9e",
                        "attributes": {
                            "arn": "arn:aws:ec2:us-east-1:407975137156:subnet/subnet-09372e6cb83722c9e",
                            "assign_ipv6_address_on_creation": "false",
                            "availability_zone": "us-east-1b",
                            "availability_zone_id": "use1-az2",
                            "cidr_block": "10.0.64.0/20",
                            "id": "subnet-09372e6cb83722c9e",
                            "ipv6_cidr_block": "",
                            "ipv6_cidr_block_association_id": "",
                            "map_public_ip_on_launch": "false",
                            "owner_id": "407975137156",
                            "tags.%": "1",
                            "tags.Name": "Master_us-east-1b",
                            "vpc_id": "vpc-06aa495824295d844"
                        },
                        "meta": {
                            "e2bfb730-ecaa-11e6-8f88-34363bc7c4c0": {
                                "create": 600000000000,
                                "delete": 1200000000000
                            },
                            "schema_version": "1"
                        },
                        "tainted": false
                    },
                    "deposed": [],
                    "provider": "provider.aws"
                },
                "aws_subnet.master_subnet.2": {
                    "type": "aws_subnet",
                    "depends_on": [
                        "aws_vpc.this",
                        "data.aws_availability_zones.available"
                    ],
                    "primary": {
                        "id": "subnet-0bbf7d676d12d50d8",
                        "attributes": {
                            "arn": "arn:aws:ec2:us-east-1:407975137156:subnet/subnet-0bbf7d676d12d50d8",
                            "assign_ipv6_address_on_creation": "false",
                            "availability_zone": "us-east-1c",
                            "availability_zone_id": "use1-az4",
                            "cidr_block": "10.0.80.0/20",
                            "id": "subnet-0bbf7d676d12d50d8",
                            "ipv6_cidr_block": "",
                            "ipv6_cidr_block_association_id": "",
                            "map_public_ip_on_launch": "false",
                            "owner_id": "407975137156",
                            "tags.%": "1",
                            "tags.Name": "Master_us-east-1c",
                            "vpc_id": "vpc-06aa495824295d844"
                        },
                        "meta": {
                            "e2bfb730-ecaa-11e6-8f88-34363bc7c4c0": {
                                "create": 600000000000,
                                "delete": 1200000000000
                            },
                            "schema_version": "1"
                        },
                        "tainted": false
                    },
                    "deposed": [],
                    "provider": "provider.aws"
                },
                "aws_subnet.private_subnet.0": {
                    "type": "aws_subnet",
                    "depends_on": [
                        "aws_vpc.this",
                        "data.aws_availability_zones.available"
                    ],
                    "primary": {
                        "id": "subnet-0b7acb15916a71d0c",
                        "attributes": {
                            "arn": "arn:aws:ec2:us-east-1:407975137156:subnet/subnet-0b7acb15916a71d0c",
                            "assign_ipv6_address_on_creation": "false",
                            "availability_zone": "us-east-1a",
                            "availability_zone_id": "use1-az1",
                            "cidr_block": "10.0.228.0/22",
                            "id": "subnet-0b7acb15916a71d0c",
                            "ipv6_cidr_block": "",
                            "ipv6_cidr_block_association_id": "",
                            "map_public_ip_on_launch": "false",
                            "owner_id": "407975137156",
                            "tags.%": "3",
                            "tags.Name": "Private_subnet_us-east-1a",
                            "tags.kubernetes.io/cluster/revpro-production-cluster": "owned",
                            "tags.kubernetes.io/role/internal-elb": "1",
                            "vpc_id": "vpc-06aa495824295d844"
                        },
                        "meta": {
                            "e2bfb730-ecaa-11e6-8f88-34363bc7c4c0": {
                                "create": 600000000000,
                                "delete": 1200000000000
                            },
                            "schema_version": "1"
                        },
                        "tainted": false
                    },
                    "deposed": [],
                    "provider": "provider.aws"
                },
                "aws_subnet.private_subnet.1": {
                    "type": "aws_subnet",
                    "depends_on": [
                        "aws_vpc.this",
                        "data.aws_availability_zones.available"
                    ],
                    "primary": {
                        "id": "subnet-0182ce75ed6b30f4a",
                        "attributes": {
                            "arn": "arn:aws:ec2:us-east-1:407975137156:subnet/subnet-0182ce75ed6b30f4a",
                            "assign_ipv6_address_on_creation": "false",
                            "availability_zone": "us-east-1b",
                            "availability_zone_id": "use1-az2",
                            "cidr_block": "10.0.232.0/22",
                            "id": "subnet-0182ce75ed6b30f4a",
                            "ipv6_cidr_block": "",
                            "ipv6_cidr_block_association_id": "",
                            "map_public_ip_on_launch": "false",
                            "owner_id": "407975137156",
                            "tags.%": "3",
                            "tags.Name": "Private_subnet_us-east-1b",
                            "tags.kubernetes.io/cluster/revpro-production-cluster": "owned",
                            "tags.kubernetes.io/role/internal-elb": "1",
                            "vpc_id": "vpc-06aa495824295d844"
                        },
                        "meta": {
                            "e2bfb730-ecaa-11e6-8f88-34363bc7c4c0": {
                                "create": 600000000000,
                                "delete": 1200000000000
                            },
                            "schema_version": "1"
                        },
                        "tainted": false
                    },
                    "deposed": [],
                    "provider": "provider.aws"
                },
                "aws_subnet.private_subnet.2": {
                    "type": "aws_subnet",
                    "depends_on": [
                        "aws_vpc.this",
                        "data.aws_availability_zones.available"
                    ],
                    "primary": {
                        "id": "subnet-0eda1da40857ade1b",
                        "attributes": {
                            "arn": "arn:aws:ec2:us-east-1:407975137156:subnet/subnet-0eda1da40857ade1b",
                            "assign_ipv6_address_on_creation": "false",
                            "availability_zone": "us-east-1c",
                            "availability_zone_id": "use1-az4",
                            "cidr_block": "10.0.236.0/22",
                            "id": "subnet-0eda1da40857ade1b",
                            "ipv6_cidr_block": "",
                            "ipv6_cidr_block_association_id": "",
                            "map_public_ip_on_launch": "false",
                            "owner_id": "407975137156",
                            "tags.%": "3",
                            "tags.Name": "Private_subnet_us-east-1c",
                            "tags.kubernetes.io/cluster/revpro-production-cluster": "owned",
                            "tags.kubernetes.io/role/internal-elb": "1",
                            "vpc_id": "vpc-06aa495824295d844"
                        },
                        "meta": {
                            "e2bfb730-ecaa-11e6-8f88-34363bc7c4c0": {
                                "create": 600000000000,
                                "delete": 1200000000000
                            },
                            "schema_version": "1"
                        },
                        "tainted": false
                    },
                    "deposed": [],
                    "provider": "provider.aws"
                },
                "aws_subnet.public_subnet.0": {
                    "type": "aws_subnet",
                    "depends_on": [
                        "aws_vpc.this",
                        "data.aws_availability_zones.available"
                    ],
                    "primary": {
                        "id": "subnet-07031238d2e62eeb5",
                        "attributes": {
                            "arn": "arn:aws:ec2:us-east-1:407975137156:subnet/subnet-07031238d2e62eeb5",
                            "assign_ipv6_address_on_creation": "false",
                            "availability_zone": "us-east-1a",
                            "availability_zone_id": "use1-az1",
                            "cidr_block": "10.0.204.0/22",
                            "id": "subnet-07031238d2e62eeb5",
                            "ipv6_cidr_block": "",
                            "ipv6_cidr_block_association_id": "",
                            "map_public_ip_on_launch": "false",
                            "owner_id": "407975137156",
                            "tags.%": "3",
                            "tags.Name": "Public_subnet_us-east-1a",
                            "tags.kubernetes.io/cluster/revpro-production-cluster": "owned",
                            "tags.kubernetes.io/role/elb": "1",
                            "vpc_id": "vpc-06aa495824295d844"
                        },
                        "meta": {
                            "e2bfb730-ecaa-11e6-8f88-34363bc7c4c0": {
                                "create": 600000000000,
                                "delete": 1200000000000
                            },
                            "schema_version": "1"
                        },
                        "tainted": false
                    },
                    "deposed": [],
                    "provider": "provider.aws"
                },
                "aws_subnet.public_subnet.1": {
                    "type": "aws_subnet",
                    "depends_on": [
                        "aws_vpc.this",
                        "data.aws_availability_zones.available"
                    ],
                    "primary": {
                        "id": "subnet-0708d2e2a09f5fafc",
                        "attributes": {
                            "arn": "arn:aws:ec2:us-east-1:407975137156:subnet/subnet-0708d2e2a09f5fafc",
                            "assign_ipv6_address_on_creation": "false",
                            "availability_zone": "us-east-1b",
                            "availability_zone_id": "use1-az2",
                            "cidr_block": "10.0.208.0/22",
                            "id": "subnet-0708d2e2a09f5fafc",
                            "ipv6_cidr_block": "",
                            "ipv6_cidr_block_association_id": "",
                            "map_public_ip_on_launch": "false",
                            "owner_id": "407975137156",
                            "tags.%": "3",
                            "tags.Name": "Public_subnet_us-east-1b",
                            "tags.kubernetes.io/cluster/revpro-production-cluster": "owned",
                            "tags.kubernetes.io/role/elb": "1",
                            "vpc_id": "vpc-06aa495824295d844"
                        },
                        "meta": {
                            "e2bfb730-ecaa-11e6-8f88-34363bc7c4c0": {
                                "create": 600000000000,
                                "delete": 1200000000000
                            },
                            "schema_version": "1"
                        },
                        "tainted": false
                    },
                    "deposed": [],
                    "provider": "provider.aws"
                },
                "aws_subnet.public_subnet.2": {
                    "type": "aws_subnet",
                    "depends_on": [
                        "aws_vpc.this",
                        "data.aws_availability_zones.available"
                    ],
                    "primary": {
                        "id": "subnet-005e3ea7d7030efde",
                        "attributes": {
                            "arn": "arn:aws:ec2:us-east-1:407975137156:subnet/subnet-005e3ea7d7030efde",
                            "assign_ipv6_address_on_creation": "false",
                            "availability_zone": "us-east-1c",
                            "availability_zone_id": "use1-az4",
                            "cidr_block": "10.0.212.0/22",
                            "id": "subnet-005e3ea7d7030efde",
                            "ipv6_cidr_block": "",
                            "ipv6_cidr_block_association_id": "",
                            "map_public_ip_on_launch": "false",
                            "owner_id": "407975137156",
                            "tags.%": "3",
                            "tags.Name": "Public_subnet_us-east-1c",
                            "tags.kubernetes.io/cluster/revpro-production-cluster": "owned",
                            "tags.kubernetes.io/role/elb": "1",
                            "vpc_id": "vpc-06aa495824295d844"
                        },
                        "meta": {
                            "e2bfb730-ecaa-11e6-8f88-34363bc7c4c0": {
                                "create": 600000000000,
                                "delete": 1200000000000
                            },
                            "schema_version": "1"
                        },
                        "tainted": false
                    },
                    "deposed": [],
                    "provider": "provider.aws"
                },
                "aws_subnet.worker_subnet.0": {
                    "type": "aws_subnet",
                    "depends_on": [
                        "aws_vpc.this",
                        "data.aws_availability_zones.available"
                    ],
                    "primary": {
                        "id": "subnet-0ccc3af8980fad913",
                        "attributes": {
                            "arn": "arn:aws:ec2:us-east-1:407975137156:subnet/subnet-0ccc3af8980fad913",
                            "assign_ipv6_address_on_creation": "false",
                            "availability_zone": "us-east-1a",
                            "availability_zone_id": "use1-az1",
                            "cidr_block": "10.0.144.0/20",
                            "id": "subnet-0ccc3af8980fad913",
                            "ipv6_cidr_block": "",
                            "ipv6_cidr_block_association_id": "",
                            "map_public_ip_on_launch": "false",
                            "owner_id": "407975137156",
                            "tags.%": "1",
                            "tags.Name": "Worker_us-east-1a",
                            "vpc_id": "vpc-06aa495824295d844"
                        },
                        "meta": {
                            "e2bfb730-ecaa-11e6-8f88-34363bc7c4c0": {
                                "create": 600000000000,
                                "delete": 1200000000000
                            },
                            "schema_version": "1"
                        },
                        "tainted": false
                    },
                    "deposed": [],
                    "provider": "provider.aws"
                },
                "aws_subnet.worker_subnet.1": {
                    "type": "aws_subnet",
                    "depends_on": [
                        "aws_vpc.this",
                        "data.aws_availability_zones.available"
                    ],
                    "primary": {
                        "id": "subnet-0bd1d80cf774a7165",
                        "attributes": {
                            "arn": "arn:aws:ec2:us-east-1:407975137156:subnet/subnet-0bd1d80cf774a7165",
                            "assign_ipv6_address_on_creation": "false",
                            "availability_zone": "us-east-1b",
                            "availability_zone_id": "use1-az2",
                            "cidr_block": "10.0.160.0/20",
                            "id": "subnet-0bd1d80cf774a7165",
                            "ipv6_cidr_block": "",
                            "ipv6_cidr_block_association_id": "",
                            "map_public_ip_on_launch": "false",
                            "owner_id": "407975137156",
                            "tags.%": "1",
                            "tags.Name": "Worker_us-east-1b",
                            "vpc_id": "vpc-06aa495824295d844"
                        },
                        "meta": {
                            "e2bfb730-ecaa-11e6-8f88-34363bc7c4c0": {
                                "create": 600000000000,
                                "delete": 1200000000000
                            },
                            "schema_version": "1"
                        },
                        "tainted": false
                    },
                    "deposed": [],
                    "provider": "provider.aws"
                },
                "aws_subnet.worker_subnet.2": {
                    "type": "aws_subnet",
                    "depends_on": [
                        "aws_vpc.this",
                        "data.aws_availability_zones.available"
                    ],
                    "primary": {
                        "id": "subnet-0ba428a265f250d59",
                        "attributes": {
                            "arn": "arn:aws:ec2:us-east-1:407975137156:subnet/subnet-0ba428a265f250d59",
                            "assign_ipv6_address_on_creation": "false",
                            "availability_zone": "us-east-1c",
                            "availability_zone_id": "use1-az4",
                            "cidr_block": "10.0.176.0/20",
                            "id": "subnet-0ba428a265f250d59",
                            "ipv6_cidr_block": "",
                            "ipv6_cidr_block_association_id": "",
                            "map_public_ip_on_launch": "false",
                            "owner_id": "407975137156",
                            "tags.%": "1",
                            "tags.Name": "Worker_us-east-1c",
                            "vpc_id": "vpc-06aa495824295d844"
                        },
                        "meta": {
                            "e2bfb730-ecaa-11e6-8f88-34363bc7c4c0": {
                                "create": 600000000000,
                                "delete": 1200000000000
                            },
                            "schema_version": "1"
                        },
                        "tainted": false
                    },
                    "deposed": [],
                    "provider": "provider.aws"
                },
                "aws_vpc.this": {
                    "type": "aws_vpc",
                    "depends_on": [],
                    "primary": {
                        "id": "vpc-06aa495824295d844",
                        "attributes": {
                            "arn": "arn:aws:ec2:us-east-1:407975137156:vpc/vpc-06aa495824295d844",
                            "assign_generated_ipv6_cidr_block": "false",
                            "cidr_block": "10.0.0.0/16",
                            "default_network_acl_id": "acl-0f3be5fbe8a539408",
                            "default_route_table_id": "rtb-0191c0a25905a6c9d",
                            "default_security_group_id": "sg-0acb2e013773de755",
                            "dhcp_options_id": "dopt-6970610b",
                            "enable_classiclink": "false",
                            "enable_classiclink_dns_support": "false",
                            "enable_dns_hostnames": "true",
                            "enable_dns_support": "true",
                            "id": "vpc-06aa495824295d844",
                            "instance_tenancy": "default",
                            "ipv6_association_id": "",
                            "ipv6_cidr_block": "",
                            "main_route_table_id": "rtb-0191c0a25905a6c9d",
                            "owner_id": "407975137156",
                            "tags.%": "1",
                            "tags.Name": "revpro-production-cluster-vpc"
                        },
                        "meta": {
                            "schema_version": "1"
                        },
                        "tainted": false
                    },
                    "deposed": [],
                    "provider": "provider.aws"
                },
                "data.aws_availability_zones.available": {
                    "type": "aws_availability_zones",
                    "depends_on": [],
                    "primary": {
                        "id": "2019-12-04 19:53:15.482410746 +0000 UTC",
                        "attributes": {
                            "id": "2019-12-04 19:53:15.482410746 +0000 UTC",
                            "names.#": "6",
                            "names.0": "us-east-1a",
                            "names.1": "us-east-1b",
                            "names.2": "us-east-1c",
                            "names.3": "us-east-1d",
                            "names.4": "us-east-1e",
                            "names.5": "us-east-1f",
                            "zone_ids.#": "6",
                            "zone_ids.0": "use1-az1",
                            "zone_ids.1": "use1-az2",
                            "zone_ids.2": "use1-az4",
                            "zone_ids.3": "use1-az6",
                            "zone_ids.4": "use1-az3",
                            "zone_ids.5": "use1-az5"
                        },
                        "meta": {},
                        "tainted": false
                    },
                    "deposed": [],
                    "provider": "provider.aws"
                }
            },
            "depends_on": []
        }
    ]
}
